<?xml version="1.0" encoding="utf-8"?>
<Project ToolsVersion="4.0" xmlns="http://schemas.microsoft.com/developer/msbuild/2003">
  <ItemGroup>
    <Filter Include="Source Files">
      <UniqueIdentifier>{4ba3532c-dd12-4abd-acb0-d409810b013b}</UniqueIdentifier>
    </Filter>
    <Filter Include="Generated Files">
      <UniqueIdentifier>{49a0f970-2462-4f97-a270-a804dbe215e7}</UniqueIdentifier>
      <SourceControlFiles>False</SourceControlFiles>
    </Filter>
  </ItemGroup>
  <ItemGroup>
    <None Include="s3Icon1ps.def" />
  </ItemGroup>
  <ItemGroup>
    <ClCompile Include="s3Icon1_i.c">
      <Filter>Generated Files</Filter>
    </ClCompile>
    <ClCompile Include="s3Icon1_p.c">
      <Filter>Generated Files</Filter>
    </ClCompile>
    <ClCompile Include="dlldata.c">
      <Filter>Generated Files</Filter>
    </ClCompile>
  </ItemGroup>
</Project>