<?xml version="1.0" encoding="utf-8"?>
<Project ToolsVersion="4.0" xmlns="http://schemas.microsoft.com/developer/msbuild/2003">
  <ItemGroup>
    <Filter Include="Source Files">
      <UniqueIdentifier>{601ec246-bbef-4985-87ef-2db2520d252e}</UniqueIdentifier>
    </Filter>
    <Filter Include="Generated Files">
      <UniqueIdentifier>{ccc8e7a9-db69-41bd-b270-a0fe264f050f}</UniqueIdentifier>
      <SourceControlFiles>False</SourceControlFiles>
    </Filter>
  </ItemGroup>
  <ItemGroup>
    <None Include="s3Extps.def" />
  </ItemGroup>
  <ItemGroup>
    <ClCompile Include="s3Ext_i.c">
      <Filter>Generated Files</Filter>
    </ClCompile>
    <ClCompile Include="s3Ext_p.c">
      <Filter>Generated Files</Filter>
    </ClCompile>
    <ClCompile Include="dlldata.c">
      <Filter>Generated Files</Filter>
    </ClCompile>
  </ItemGroup>
</Project>